<?xml version="1.0" encoding="utf-8"?>
<Project ToolsVersion="4.0" xmlns="http://schemas.microsoft.com/developer/msbuild/2003">
  <ItemGroup>
    <CudaCompile Include="blur.cu" />
    <CudaCompile Include="grayScale.cu" />
  </ItemGroup>
  <ItemGroup>
    <Filter Include="Resources">
      <UniqueIdentifier>{417e3610-e8a0-4bd8-b615-6924cbf62b5a}</UniqueIdentifier>
    </Filter>
  </ItemGroup>
  <ItemGroup>
    <Image Include="tiger.jpg">
      <Filter>Resources</Filter>
    </Image>
    <Image Include="person.jpg">
      <Filter>Resources</Filter>
    </Image>
    <Image Include="gray_image.jpg">
      <Filter>Resources</Filter>
    </Image>
    <Image Include="blur_image.jpg">
      <Filter>Resources</Filter>
    </Image>
    <Image Include="dog_img.jpg">
      <Filter>Resources</Filter>
    </Image>
  </ItemGroup>
</Project>